
Microsoft Visual Studio Solution File, Format Version 12.00
# Visual Studio Version 17
VisualStudioVersion = 17.2.32526.322
MinimumVisualStudioVersion = 10.0.40219.1
Project("{9A19103F-16F7-4668-BE54-9A1E7A4F7556}") = "MyrtexTask", "MyrtexTask\MyrtexTask.csproj", "{0392EACB-8C57-428D-BAE5-79D79C971C4B}"
EndProject
Global
	GlobalSection(SolutionConfigurationPlatforms) = preSolution
		Debug|Any CPU = Debug|Any CPU
		Release|Any CPU = Release|Any CPU
	EndGlobalSection
	GlobalSection(ProjectConfigurationPlatforms) = postSolution
		{0392EACB-8C57-428D-BAE5-79D79C971C4B}.Debug|Any CPU.ActiveCfg = Debug|Any CPU
		{0392EACB-8C57-428D-BAE5-79D79C971C4B}.Debug|Any CPU.Build.0 = Debug|Any CPU
		{0392EACB-8C57-428D-BAE5-79D79C971C4B}.Release|Any CPU.ActiveCfg = Release|Any CPU
		{0392EACB-8C57-428D-BAE5-79D79C971C4B}.Release|Any CPU.Build.0 = Release|Any CPU
	EndGlobalSection
	GlobalSection(SolutionProperties) = preSolution
		HideSolutionNode = FALSE
	EndGlobalSection
	GlobalSection(ExtensibilityGlobals) = postSolution
		SolutionGuid = {640888A8-F4A9-4D3E-A4B5-2013F7DFEA8D}
	EndGlobalSection
EndGlobal
